
Microsoft Visual Studio Solution File, Format Version 12.00
# Visual Studio Version 17
VisualStudioVersion = 17.4.33213.308
MinimumVisualStudioVersion = 10.0.40219.1
Project("{2150E333-8FDC-42A3-9474-1A3956D46DE8}") = "src", "src", "{0BBFE062-050C-4452-BA0F-7D44F6BF6AA1}"
EndProject
Project("{2150E333-8FDC-42A3-9474-1A3956D46DE8}") = "Home", "Home", "{4B153C09-AED0-4A74-ABDE-E172A00DDBA8}"
EndProject
Project("{FAE04EC0-301F-11D3-BF4B-00C04F79EFBC}") = "Congratulator", "src\Home\Congratulator\Congratulator.csproj", "{BBE74A3E-77F5-4061-B761-BCE26C2A40AE}"
EndProject
Project("{2150E333-8FDC-42A3-9474-1A3956D46DE8}") = "Infrastructure", "Infrastructure", "{DB7E5C73-C4E1-4C52-B854-FDF51FAE33BE}"
EndProject
Project("{2150E333-8FDC-42A3-9474-1A3956D46DE8}") = "Contracts", "Contracts", "{010E88B3-1CFA-4F63-8C63-9D226DFD721E}"
EndProject
Project("{2150E333-8FDC-42A3-9474-1A3956D46DE8}") = "Application", "Application", "{E0A98314-FF09-4E96-8B2E-8B4BDFF42633}"
EndProject
Project("{FAE04EC0-301F-11D3-BF4B-00C04F79EFBC}") = "Contracts", "src\Contracts\Contracts\Contracts.csproj", "{6AE98274-6BA3-4DB6-8676-756EA50BE52A}"
EndProject
Project("{2150E333-8FDC-42A3-9474-1A3956D46DE8}") = "Domain", "Domain", "{A38206B6-049C-4835-A9E5-9E6D4C61657A}"
EndProject
Project("{FAE04EC0-301F-11D3-BF4B-00C04F79EFBC}") = "Domain", "src\Domain\Domain\Domain.csproj", "{335D6E1A-DD0B-494B-BB0D-080EDAFD551F}"
EndProject
Project("{FAE04EC0-301F-11D3-BF4B-00C04F79EFBC}") = "AppServices", "src\Application\AppServices\AppServices.csproj", "{3105F345-6450-4B6D-880E-9844203D70E9}"
EndProject
Project("{FAE04EC0-301F-11D3-BF4B-00C04F79EFBC}") = "DataAccess", "src\Infrastructure\DataAccess\DataAccess.csproj", "{C0E66193-EC08-4AE4-A0A4-F0A1D0283E37}"
EndProject
Project("{FAE04EC0-301F-11D3-BF4B-00C04F79EFBC}") = "Migrations", "src\Infrastructure\Migrations\Migrations.csproj", "{930F6EF9-B876-4E4D-8BD5-0B5F09DF2F4A}"
EndProject
Project("{FAE04EC0-301F-11D3-BF4B-00C04F79EFBC}") = "Registrar", "src\Infrastructure\Registrar\Registrar.csproj", "{35441D87-493F-4431-B019-0E8BE48FB087}"
EndProject
Global
	GlobalSection(SolutionConfigurationPlatforms) = preSolution
		Debug|Any CPU = Debug|Any CPU
		Release|Any CPU = Release|Any CPU
	EndGlobalSection
	GlobalSection(ProjectConfigurationPlatforms) = postSolution
		{BBE74A3E-77F5-4061-B761-BCE26C2A40AE}.Debug|Any CPU.ActiveCfg = Debug|Any CPU
		{BBE74A3E-77F5-4061-B761-BCE26C2A40AE}.Debug|Any CPU.Build.0 = Debug|Any CPU
		{BBE74A3E-77F5-4061-B761-BCE26C2A40AE}.Release|Any CPU.ActiveCfg = Release|Any CPU
		{BBE74A3E-77F5-4061-B761-BCE26C2A40AE}.Release|Any CPU.Build.0 = Release|Any CPU
		{6AE98274-6BA3-4DB6-8676-756EA50BE52A}.Debug|Any CPU.ActiveCfg = Debug|Any CPU
		{6AE98274-6BA3-4DB6-8676-756EA50BE52A}.Debug|Any CPU.Build.0 = Debug|Any CPU
		{6AE98274-6BA3-4DB6-8676-756EA50BE52A}.Release|Any CPU.ActiveCfg = Release|Any CPU
		{6AE98274-6BA3-4DB6-8676-756EA50BE52A}.Release|Any CPU.Build.0 = Release|Any CPU
		{335D6E1A-DD0B-494B-BB0D-080EDAFD551F}.Debug|Any CPU.ActiveCfg = Debug|Any CPU
		{335D6E1A-DD0B-494B-BB0D-080EDAFD551F}.Debug|Any CPU.Build.0 = Debug|Any CPU
		{335D6E1A-DD0B-494B-BB0D-080EDAFD551F}.Release|Any CPU.ActiveCfg = Release|Any CPU
		{335D6E1A-DD0B-494B-BB0D-080EDAFD551F}.Release|Any CPU.Build.0 = Release|Any CPU
		{3105F345-6450-4B6D-880E-9844203D70E9}.Debug|Any CPU.ActiveCfg = Debug|Any CPU
		{3105F345-6450-4B6D-880E-9844203D70E9}.Debug|Any CPU.Build.0 = Debug|Any CPU
		{3105F345-6450-4B6D-880E-9844203D70E9}.Release|Any CPU.ActiveCfg = Release|Any CPU
		{3105F345-6450-4B6D-880E-9844203D70E9}.Release|Any CPU.Build.0 = Release|Any CPU
		{C0E66193-EC08-4AE4-A0A4-F0A1D0283E37}.Debug|Any CPU.ActiveCfg = Debug|Any CPU
		{C0E66193-EC08-4AE4-A0A4-F0A1D0283E37}.Debug|Any CPU.Build.0 = Debug|Any CPU
		{C0E66193-EC08-4AE4-A0A4-F0A1D0283E37}.Release|Any CPU.ActiveCfg = Release|Any CPU
		{C0E66193-EC08-4AE4-A0A4-F0A1D0283E37}.Release|Any CPU.Build.0 = Release|Any CPU
		{930F6EF9-B876-4E4D-8BD5-0B5F09DF2F4A}.Debug|Any CPU.ActiveCfg = Debug|Any CPU
		{930F6EF9-B876-4E4D-8BD5-0B5F09DF2F4A}.Debug|Any CPU.Build.0 = Debug|Any CPU
		{930F6EF9-B876-4E4D-8BD5-0B5F09DF2F4A}.Release|Any CPU.ActiveCfg = Release|Any CPU
		{930F6EF9-B876-4E4D-8BD5-0B5F09DF2F4A}.Release|Any CPU.Build.0 = Release|Any CPU
		{35441D87-493F-4431-B019-0E8BE48FB087}.Debug|Any CPU.ActiveCfg = Debug|Any CPU
		{35441D87-493F-4431-B019-0E8BE48FB087}.Debug|Any CPU.Build.0 = Debug|Any CPU
		{35441D87-493F-4431-B019-0E8BE48FB087}.Release|Any CPU.ActiveCfg = Release|Any CPU
		{35441D87-493F-4431-B019-0E8BE48FB087}.Release|Any CPU.Build.0 = Release|Any CPU
	EndGlobalSection
	GlobalSection(SolutionProperties) = preSolution
		HideSolutionNode = FALSE
	EndGlobalSection
	GlobalSection(NestedProjects) = preSolution
		{4B153C09-AED0-4A74-ABDE-E172A00DDBA8} = {0BBFE062-050C-4452-BA0F-7D44F6BF6AA1}
		{BBE74A3E-77F5-4061-B761-BCE26C2A40AE} = {4B153C09-AED0-4A74-ABDE-E172A00DDBA8}
		{DB7E5C73-C4E1-4C52-B854-FDF51FAE33BE} = {0BBFE062-050C-4452-BA0F-7D44F6BF6AA1}
		{010E88B3-1CFA-4F63-8C63-9D226DFD721E} = {0BBFE062-050C-4452-BA0F-7D44F6BF6AA1}
		{E0A98314-FF09-4E96-8B2E-8B4BDFF42633} = {0BBFE062-050C-4452-BA0F-7D44F6BF6AA1}
		{6AE98274-6BA3-4DB6-8676-756EA50BE52A} = {010E88B3-1CFA-4F63-8C63-9D226DFD721E}
		{A38206B6-049C-4835-A9E5-9E6D4C61657A} = {0BBFE062-050C-4452-BA0F-7D44F6BF6AA1}
		{335D6E1A-DD0B-494B-BB0D-080EDAFD551F} = {A38206B6-049C-4835-A9E5-9E6D4C61657A}
		{3105F345-6450-4B6D-880E-9844203D70E9} = {E0A98314-FF09-4E96-8B2E-8B4BDFF42633}
		{C0E66193-EC08-4AE4-A0A4-F0A1D0283E37} = {DB7E5C73-C4E1-4C52-B854-FDF51FAE33BE}
		{930F6EF9-B876-4E4D-8BD5-0B5F09DF2F4A} = {DB7E5C73-C4E1-4C52-B854-FDF51FAE33BE}
		{35441D87-493F-4431-B019-0E8BE48FB087} = {DB7E5C73-C4E1-4C52-B854-FDF51FAE33BE}
	EndGlobalSection
	GlobalSection(ExtensibilityGlobals) = postSolution
		SolutionGuid = {D49DDFD1-3A3A-4CB3-AD9E-B01F7E3750CD}
	EndGlobalSection
EndGlobal
